<Solution>
  <Project Path="Common/Common.csproj" Id="0d0df27f-ef2d-46f9-a11d-9c0dfa74d06a" />
  <Project Path="EmailService/EmailService.csproj" Id="95ff323b-6f05-4df1-b8f6-b38fad5bc4c8" />
  <Project Path="LokacijaAPI/LokacijaAPI.csproj" Id="115e6fb0-fd1f-4e58-b410-d1463551f487" />
  <Project Path="mikroservisnaApp/mikroservisnaApp.csproj" />
  <Project Path="OrganizatorAPI\OrganizatorAPI.csproj" />
</Solution>
